Microsoft Visual Studio Solution File, Format Version 12.00
# Visual Studio Version 17
VisualStudioVersion = 17.5.2.0
MinimumVisualStudioVersion = 10.0.40219.1
Project("{FAE04EC0-301F-11D3-BF4B-00C04F79EFBC}") = "MyArduinoApp", "MyArduinoApp.csproj", "{5C8BDC1F-EC88-951C-7081-192F8412D7DF}"
EndProject
Global
	GlobalSection(SolutionConfigurationPlatforms) = preSolution
		Debug|Any CPU = Debug|Any CPU
		Release|Any CPU = Release|Any CPU
	EndGlobalSection
	GlobalSection(ProjectConfigurationPlatforms) = postSolution
		{5C8BDC1F-EC88-951C-7081-192F8412D7DF}.Debug|Any CPU.ActiveCfg = Debug|Any CPU
		{5C8BDC1F-EC88-951C-7081-192F8412D7DF}.Debug|Any CPU.Build.0 = Debug|Any CPU
		{5C8BDC1F-EC88-951C-7081-192F8412D7DF}.Release|Any CPU.ActiveCfg = Release|Any CPU
		{5C8BDC1F-EC88-951C-7081-192F8412D7DF}.Release|Any CPU.Build.0 = Release|Any CPU
	EndGlobalSection
	GlobalSection(SolutionProperties) = preSolution
		HideSolutionNode = FALSE
	EndGlobalSection
	GlobalSection(ExtensibilityGlobals) = postSolution
		SolutionGuid = {06C149C8-A44E-4AE5-B6F1-2E33EA61CE0C}
	EndGlobalSection
EndGlobal
